
Microsoft Visual Studio Solution File, Format Version 12.00
# Visual Studio Version 17
VisualStudioVersion = 17.13.35825.156 d17.13
MinimumVisualStudioVersion = 10.0.40219.1
Project("{FAE04EC0-301F-11D3-BF4B-00C04F79EFBC}") = "Telerik.Document.BrokenPdf", "Telerik.Document.BrokenPdf.csproj", "{951F4087-4DB1-4A1E-9E87-B15F8B2502E2}"
EndProject
Global
	GlobalSection(SolutionConfigurationPlatforms) = preSolution
		Debug|Any CPU = Debug|Any CPU
		Release|Any CPU = Release|Any CPU
	EndGlobalSection
	GlobalSection(ProjectConfigurationPlatforms) = postSolution
		{951F4087-4DB1-4A1E-9E87-B15F8B2502E2}.Debug|Any CPU.ActiveCfg = Debug|Any CPU
		{951F4087-4DB1-4A1E-9E87-B15F8B2502E2}.Debug|Any CPU.Build.0 = Debug|Any CPU
		{951F4087-4DB1-4A1E-9E87-B15F8B2502E2}.Release|Any CPU.ActiveCfg = Release|Any CPU
		{951F4087-4DB1-4A1E-9E87-B15F8B2502E2}.Release|Any CPU.Build.0 = Release|Any CPU
	EndGlobalSection
	GlobalSection(SolutionProperties) = preSolution
		HideSolutionNode = FALSE
	EndGlobalSection
	GlobalSection(ExtensibilityGlobals) = postSolution
		SolutionGuid = {56EE5A12-B101-4014-9087-84CE42A2FD76}
	EndGlobalSection
EndGlobal
